# This file is automatically @generated by Poetry 2.4.0 and should not be changed by hand.

[[package]]
name = "rglob"
version = "1.7"
description = "Python Recursive Glob"
optional = false
python-versions = ">=3.5"
groups = ["main"]
files = [
    {file = "rglob-1.7-py3-none-any.whl", hash = "sha256:aad8d43d8c0b902e5750c27da2ba3b7a2790e99e43c42937b2448f5e61743c13"},
    {file = "rglob-1.7.tar.gz", hash = "sha256:0e46a599676f14c46c6eead3853d08ed4c454cff71b530cdfda1cc481fc468b8"},
]

[metadata]
lock-version = "2.1"
python-versions = ">=3.13"
content-hash = "59a164263c5e734751a64f13e87eaffe4b2a26a08ed8b36e1c333fb824c2c0a6"
